
Microsoft Visual Studio Solution File, Format Version 10.00
# Visual Studio 2008
Project("{FAE04EC0-301F-11D3-BF4B-00C04F79EFBC}") = "ItouziCalc", "ItouziCalc\ItouziCalc.csproj", "{F38FB045-CE0C-473A-8635-EDDC5E18D6C0}"
EndProject
Global
	GlobalSection(SolutionConfigurationPlatforms) = preSolution
		Debug|Any CPU = Debug|Any CPU
		Release|Any CPU = Release|Any CPU
	EndGlobalSection
	GlobalSection(ProjectConfigurationPlatforms) = postSolution
		{F38FB045-CE0C-473A-8635-EDDC5E18D6C0}.Debug|Any CPU.ActiveCfg = Debug|Any CPU
		{F38FB045-CE0C-473A-8635-EDDC5E18D6C0}.Debug|Any CPU.Build.0 = Debug|Any CPU
		{F38FB045-CE0C-473A-8635-EDDC5E18D6C0}.Release|Any CPU.ActiveCfg = Release|Any CPU
		{F38FB045-CE0C-473A-8635-EDDC5E18D6C0}.Release|Any CPU.Build.0 = Release|Any CPU
	EndGlobalSection
	GlobalSection(SolutionProperties) = preSolution
		HideSolutionNode = FALSE
	EndGlobalSection
EndGlobal
